{
  "version": 4,
  "terraform_version": "0.12.20",
  "serial": 1,
  "lineage": "9556b118-aa12-736b-2dcd-f56a6617cdd3",
  "outputs": {},
  "resources": [
    {
      "mode": "managed",
      "type": "aws_vpc",
      "name": "vpc",
      "provider": "provider.aws",
      "instances": [
        {
          "schema_version": 1,
          "attributes": {
            "arn": "arn:aws:ec2:us-east-1:264412621605:vpc/vpc-0650f03ac58568d91",
            "assign_generated_ipv6_cidr_block": false,
            "cidr_block": "10.0.0.0/16",
            "default_network_acl_id": "acl-04758ffccd0512eb5",
            "default_route_table_id": "rtb-0488d2d930600f37d",
            "default_security_group_id": "sg-08c90e8c3e7f85f67",
            "dhcp_options_id": "dopt-4a708530",
            "enable_classiclink": false,
            "enable_classiclink_dns_support": false,
            "enable_dns_hostnames": false,
            "enable_dns_support": true,
            "id": "vpc-0650f03ac58568d91",
            "instance_tenancy": "default",
            "ipv6_association_id": "",
            "ipv6_cidr_block": "",
            "main_route_table_id": "rtb-0488d2d930600f37d",
            "owner_id": "264412621605",
            "tags": null
          },
          "private": "eyJzY2hlbWFfdmVyc2lvbiI6IjEifQ=="
        }
      ]
    }
  ]
}
